
Microsoft Visual Studio Solution File, Format Version 12.00
Project("{FAE04EC0-301F-11D3-BF4B-00C04F79EFBC}") = "base-mediatr", "base-mediatr\base-mediatr.csproj", "{84A29240-FBE8-4F53-869F-6531B26385D4}"
EndProject
Global
	GlobalSection(SolutionConfigurationPlatforms) = preSolution
		Debug|Any CPU = Debug|Any CPU
		Release|Any CPU = Release|Any CPU
	EndGlobalSection
	GlobalSection(ProjectConfigurationPlatforms) = postSolution
		{84A29240-FBE8-4F53-869F-6531B26385D4}.Debug|Any CPU.ActiveCfg = Debug|Any CPU
		{84A29240-FBE8-4F53-869F-6531B26385D4}.Debug|Any CPU.Build.0 = Debug|Any CPU
		{84A29240-FBE8-4F53-869F-6531B26385D4}.Release|Any CPU.ActiveCfg = Release|Any CPU
		{84A29240-FBE8-4F53-869F-6531B26385D4}.Release|Any CPU.Build.0 = Release|Any CPU
	EndGlobalSection
EndGlobal
